
Microsoft Visual Studio Solution File, Format Version 12.00
# Visual Studio 14
VisualStudioVersion = 14.0.25420.1
MinimumVisualStudioVersion = 10.0.40219.1
Project("{FAE04EC0-301F-11D3-BF4B-00C04F79EFBC}") = "BackgroundTasks", "BackgroundTasks\BackgroundTasks.csproj", "{7DD62CB5-2BCA-48E7-BE30-6740B7CFB7A8}"
EndProject
Project("{FAE04EC0-301F-11D3-BF4B-00C04F79EFBC}") = "UWP_BackgroundPolling", "UWP_BackgroundPolling\UWP_BackgroundPolling.csproj", "{925433AE-79F9-4772-8CE5-C14235E3ADCF}"
EndProject
Global
	GlobalSection(SolutionConfigurationPlatforms) = preSolution
		Debug|Any CPU = Debug|Any CPU
		Debug|ARM = Debug|ARM
		Debug|x64 = Debug|x64
		Debug|x86 = Debug|x86
		Release|Any CPU = Release|Any CPU
		Release|ARM = Release|ARM
		Release|x64 = Release|x64
		Release|x86 = Release|x86
	EndGlobalSection
	GlobalSection(ProjectConfigurationPlatforms) = postSolution
		{7DD62CB5-2BCA-48E7-BE30-6740B7CFB7A8}.Debug|Any CPU.ActiveCfg = Debug|Any CPU
		{7DD62CB5-2BCA-48E7-BE30-6740B7CFB7A8}.Debug|Any CPU.Build.0 = Debug|Any CPU
		{7DD62CB5-2BCA-48E7-BE30-6740B7CFB7A8}.Debug|ARM.ActiveCfg = Debug|ARM
		{7DD62CB5-2BCA-48E7-BE30-6740B7CFB7A8}.Debug|ARM.Build.0 = Debug|ARM
		{7DD62CB5-2BCA-48E7-BE30-6740B7CFB7A8}.Debug|x64.ActiveCfg = Debug|x64
		{7DD62CB5-2BCA-48E7-BE30-6740B7CFB7A8}.Debug|x64.Build.0 = Debug|x64
		{7DD62CB5-2BCA-48E7-BE30-6740B7CFB7A8}.Debug|x86.ActiveCfg = Debug|x86
		{7DD62CB5-2BCA-48E7-BE30-6740B7CFB7A8}.Debug|x86.Build.0 = Debug|x86
		{7DD62CB5-2BCA-48E7-BE30-6740B7CFB7A8}.Release|Any CPU.ActiveCfg = Release|Any CPU
		{7DD62CB5-2BCA-48E7-BE30-6740B7CFB7A8}.Release|Any CPU.Build.0 = Release|Any CPU
		{7DD62CB5-2BCA-48E7-BE30-6740B7CFB7A8}.Release|ARM.ActiveCfg = Release|ARM
		{7DD62CB5-2BCA-48E7-BE30-6740B7CFB7A8}.Release|ARM.Build.0 = Release|ARM
		{7DD62CB5-2BCA-48E7-BE30-6740B7CFB7A8}.Release|x64.ActiveCfg = Release|x64
		{7DD62CB5-2BCA-48E7-BE30-6740B7CFB7A8}.Release|x64.Build.0 = Release|x64
		{7DD62CB5-2BCA-48E7-BE30-6740B7CFB7A8}.Release|x86.ActiveCfg = Release|x86
		{7DD62CB5-2BCA-48E7-BE30-6740B7CFB7A8}.Release|x86.Build.0 = Release|x86
		{925433AE-79F9-4772-8CE5-C14235E3ADCF}.Debug|Any CPU.ActiveCfg = Debug|x86
		{925433AE-79F9-4772-8CE5-C14235E3ADCF}.Debug|Any CPU.Build.0 = Debug|x86
		{925433AE-79F9-4772-8CE5-C14235E3ADCF}.Debug|Any CPU.Deploy.0 = Debug|x86
		{925433AE-79F9-4772-8CE5-C14235E3ADCF}.Debug|ARM.ActiveCfg = Debug|ARM
		{925433AE-79F9-4772-8CE5-C14235E3ADCF}.Debug|ARM.Build.0 = Debug|ARM
		{925433AE-79F9-4772-8CE5-C14235E3ADCF}.Debug|ARM.Deploy.0 = Debug|ARM
		{925433AE-79F9-4772-8CE5-C14235E3ADCF}.Debug|x64.ActiveCfg = Debug|x64
		{925433AE-79F9-4772-8CE5-C14235E3ADCF}.Debug|x64.Build.0 = Debug|x64
		{925433AE-79F9-4772-8CE5-C14235E3ADCF}.Debug|x64.Deploy.0 = Debug|x64
		{925433AE-79F9-4772-8CE5-C14235E3ADCF}.Debug|x86.ActiveCfg = Debug|x86
		{925433AE-79F9-4772-8CE5-C14235E3ADCF}.Debug|x86.Build.0 = Debug|x86
		{925433AE-79F9-4772-8CE5-C14235E3ADCF}.Debug|x86.Deploy.0 = Debug|x86
		{925433AE-79F9-4772-8CE5-C14235E3ADCF}.Release|Any CPU.ActiveCfg = Release|x86
		{925433AE-79F9-4772-8CE5-C14235E3ADCF}.Release|ARM.ActiveCfg = Release|ARM
		{925433AE-79F9-4772-8CE5-C14235E3ADCF}.Release|ARM.Build.0 = Release|ARM
		{925433AE-79F9-4772-8CE5-C14235E3ADCF}.Release|ARM.Deploy.0 = Release|ARM
		{925433AE-79F9-4772-8CE5-C14235E3ADCF}.Release|x64.ActiveCfg = Release|x64
		{925433AE-79F9-4772-8CE5-C14235E3ADCF}.Release|x64.Build.0 = Release|x64
		{925433AE-79F9-4772-8CE5-C14235E3ADCF}.Release|x64.Deploy.0 = Release|x64
		{925433AE-79F9-4772-8CE5-C14235E3ADCF}.Release|x86.ActiveCfg = Release|x86
		{925433AE-79F9-4772-8CE5-C14235E3ADCF}.Release|x86.Build.0 = Release|x86
		{925433AE-79F9-4772-8CE5-C14235E3ADCF}.Release|x86.Deploy.0 = Release|x86
	EndGlobalSection
	GlobalSection(SolutionProperties) = preSolution
		HideSolutionNode = FALSE
	EndGlobalSection
EndGlobal
